// !$*UTF8*$!
{
	archiveVersion = 1;
	classes = {
	};
	objectVersion = 50;
	objects = {

/* Begin PBXBuildFile section */
		3656887926CF77200052C5AE /* AppDelegate.swift in Sources */ = {isa = PBXBuildFile; fileRef = 3656887826CF77200052C5AE /* AppDelegate.swift */; };
		3656887D26CF77200052C5AE /* ViewController.swift in Sources */ = {isa = PBXBuildFile; fileRef = 3656887C26CF77200052C5AE /* ViewController.swift */; };
		3656888026CF77200052C5AE /* Main.storyboard in Resources */ = {isa = PBXBuildFile; fileRef = 3656887E26CF77200052C5AE /* Main.storyboard */; };
		3656888326CF77200052C5AE /* OpenCV.xcdatamodeld in Sources */ = {isa = PBXBuildFile; fileRef = 3656888126CF77200052C5AE /* OpenCV.xcdatamodeld */; };
		3656888526CF77220052C5AE /* Assets.xcassets in Resources */ = {isa = PBXBuildFile; fileRef = 3656888426CF77220052C5AE /* Assets.xcassets */; };
		3656888826CF77220052C5AE /* LaunchScreen.storyboard in Resources */ = {isa = PBXBuildFile; fileRef = 3656888626CF77220052C5AE /* LaunchScreen.storyboard */; };
		3656889626CF7C3C0052C5AE /* OpenCVWrapper.mm in Sources */ = {isa = PBXBuildFile; fileRef = 3656889526CF7C3C0052C5AE /* OpenCVWrapper.mm */; };
		B251F85F0B9C99F3E6CB4CB4 /* Pods_OpenCV.framework in Frameworks */ = {isa = PBXBuildFile; fileRef = D6C639B39EDD83798A52DF07 /* Pods_OpenCV.framework */; };
/* End PBXBuildFile section */

/* Begin PBXFileReference section */
		2C104C500A12E47721CACBF9 /* Pods-OpenCV.debug.xcconfig */ = {isa = PBXFileReference; includeInIndex = 1; lastKnownFileType = text.xcconfig; name = "Pods-OpenCV.debug.xcconfig"; path = "Target Support Files/Pods-OpenCV/Pods-OpenCV.debug.xcconfig"; sourceTree = "<group>"; };
		3656887526CF77200052C5AE /* OpenCV.app */ = {isa = PBXFileReference; explicitFileType = wrapper.application; includeInIndex = 0; path = OpenCV.app; sourceTree = BUILT_PRODUCTS_DIR; };
		3656887826CF77200052C5AE /* AppDelegate.swift */ = {isa = PBXFileReference; lastKnownFileType = sourcecode.swift; path = AppDelegate.swift; sourceTree = "<group>"; };
		3656887C26CF77200052C5AE /* ViewController.swift */ = {isa = PBXFileReference; lastKnownFileType = sourcecode.swift; path = ViewController.swift; sourceTree = "<group>"; };
		3656887F26CF77200052C5AE /* Base */ = {isa = PBXFileReference; lastKnownFileType = file.storyboard; name = Base; path = Base.lproj/Main.storyboard; sourceTree = "<group>"; };
		3656888226CF77200052C5AE /* OpenCV.xcdatamodel */ = {isa = PBXFileReference; lastKnownFileType = wrapper.xcdatamodel; path = OpenCV.xcdatamodel; sourceTree = "<group>"; };
		3656888426CF77220052C5AE /* Assets.xcassets */ = {isa = PBXFileReference; lastKnownFileType = folder.assetcatalog; path = Assets.xcassets; sourceTree = "<group>"; };
		3656888726CF77220052C5AE /* Base */ = {isa = PBXFileReference; lastKnownFileType = file.storyboard; name = Base; path = Base.lproj/LaunchScreen.storyboard; sourceTree = "<group>"; };
		3656888926CF77220052C5AE /* Info.plist */ = {isa = PBXFileReference; lastKnownFileType = text.plist.xml; path = Info.plist; sourceTree = "<group>"; };
		3656889326CF7C3C0052C5AE /* OpenCV-Bridging-Header.h */ = {isa = PBXFileReference; lastKnownFileType = sourcecode.c.h; path = "OpenCV-Bridging-Header.h"; sourceTree = "<group>"; };
		3656889426CF7C3C0052C5AE /* OpenCVWrapper.h */ = {isa = PBXFileReference; lastKnownFileType = sourcecode.c.h; path = OpenCVWrapper.h; sourceTree = "<group>"; };
		3656889526CF7C3C0052C5AE /* OpenCVWrapper.mm */ = {isa = PBXFileReference; lastKnownFileType = sourcecode.cpp.objcpp; path = OpenCVWrapper.mm; sourceTree = "<group>"; };
		6E494BB2CD412F0C635B3482 /* Pods-OpenCV.release.xcconfig */ = {isa = PBXFileReference; includeInIndex = 1; lastKnownFileType = text.xcconfig; name = "Pods-OpenCV.release.xcconfig"; path = "Target Support Files/Pods-OpenCV/Pods-OpenCV.release.xcconfig"; sourceTree = "<group>"; };
		D6C639B39EDD83798A52DF07 /* Pods_OpenCV.framework */ = {isa = PBXFileReference; explicitFileType = wrapper.framework; includeInIndex = 0; path = Pods_OpenCV.framework; sourceTree = BUILT_PRODUCTS_DIR; };
/* End PBXFileReference section */

/* Begin PBXFrameworksBuildPhase section */
		3656887226CF77200052C5AE /* Frameworks */ = {
			isa = PBXFrameworksBuildPhase;
			buildActionMask = 2147483647;
			files = (
				B251F85F0B9C99F3E6CB4CB4 /* Pods_OpenCV.framework in Frameworks */,
			);
			runOnlyForDeploymentPostprocessing = 0;
		};
/* End PBXFrameworksBuildPhase section */

/* Begin PBXGroup section */
		3656886C26CF77200052C5AE = {
			isa = PBXGroup;
			children = (
				3656889226CF7B770052C5AE /* OpenCVWrapper */,
				3656887726CF77200052C5AE /* OpenCV */,
				3656887626CF77200052C5AE /* Products */,
				FA20DDD1651D5B0410B821DA /* Pods */,
				DB416B4BC0C8A7DC4F8A6077 /* Frameworks */,
			);
			sourceTree = "<group>";
		};
		3656887626CF77200052C5AE /* Products */ = {
			isa = PBXGroup;
			children = (
				3656887526CF77200052C5AE /* OpenCV.app */,
			);
			name = Products;
			sourceTree = "<group>";
		};
		3656887726CF77200052C5AE /* OpenCV */ = {
			isa = PBXGroup;
			children = (
				3656887826CF77200052C5AE /* AppDelegate.swift */,
				3656887C26CF77200052C5AE /* ViewController.swift */,
				3656887E26CF77200052C5AE /* Main.storyboard */,
				3656888426CF77220052C5AE /* Assets.xcassets */,
				3656888626CF77220052C5AE /* LaunchScreen.storyboard */,
				3656888926CF77220052C5AE /* Info.plist */,
				3656888126CF77200052C5AE /* OpenCV.xcdatamodeld */,
			);
			path = OpenCV;
			sourceTree = "<group>";
		};
		3656889226CF7B770052C5AE /* OpenCVWrapper */ = {
			isa = PBXGroup;
			children = (
				3656889426CF7C3C0052C5AE /* OpenCVWrapper.h */,
				3656889526CF7C3C0052C5AE /* OpenCVWrapper.mm */,
				3656889326CF7C3C0052C5AE /* OpenCV-Bridging-Header.h */,
			);
			path = OpenCVWrapper;
			sourceTree = "<group>";
		};
		DB416B4BC0C8A7DC4F8A6077 /* Frameworks */ = {
			isa = PBXGroup;
			children = (
				D6C639B39EDD83798A52DF07 /* Pods_OpenCV.framework */,
			);
			name = Frameworks;
			sourceTree = "<group>";
		};
		FA20DDD1651D5B0410B821DA /* Pods */ = {
			isa = PBXGroup;
			children = (
				2C104C500A12E47721CACBF9 /* Pods-OpenCV.debug.xcconfig */,
				6E494BB2CD412F0C635B3482 /* Pods-OpenCV.release.xcconfig */,
			);
			name = Pods;
			path = Pods;
			sourceTree = "<group>";
		};
/* End PBXGroup section */

/* Begin PBXNativeTarget section */
		3656887426CF77200052C5AE /* OpenCV */ = {
			isa = PBXNativeTarget;
			buildConfigurationList = 3656888C26CF77220052C5AE /* Build configuration list for PBXNativeTarget "OpenCV" */;
			buildPhases = (
				B9ED9E3738F0C3634A048F31 /* [CP] Check Pods Manifest.lock */,
				3656887126CF77200052C5AE /* Sources */,
				3656887226CF77200052C5AE /* Frameworks */,
				3656887326CF77200052C5AE /* Resources */,
			);
			buildRules = (
			);
			dependencies = (
			);
			name = OpenCV;
			productName = OpenCV;
			productReference = 3656887526CF77200052C5AE /* OpenCV.app */;
			productType = "com.apple.product-type.application";
		};
/* End PBXNativeTarget section */

/* Begin PBXProject section */
		3656886D26CF77200052C5AE /* Project object */ = {
			isa = PBXProject;
			attributes = {
				LastSwiftUpdateCheck = 1250;
				LastUpgradeCheck = 1250;
				TargetAttributes = {
					3656887426CF77200052C5AE = {
						CreatedOnToolsVersion = 12.5.1;
						LastSwiftMigration = 1250;
					};
				};
			};
			buildConfigurationList = 3656887026CF77200052C5AE /* Build configuration list for PBXProject "OpenCV" */;
			compatibilityVersion = "Xcode 9.3";
			developmentRegion = en;
			hasScannedForEncodings = 0;
			knownRegions = (
				en,
				Base,
			);
			mainGroup = 3656886C26CF77200052C5AE;
			productRefGroup = 3656887626CF77200052C5AE /* Products */;
			projectDirPath = "";
			projectRoot = "";
			targets = (
				3656887426CF77200052C5AE /* OpenCV */,
			);
		};
/* End PBXProject section */

/* Begin PBXResourcesBuildPhase section */
		3656887326CF77200052C5AE /* Resources */ = {
			isa = PBXResourcesBuildPhase;
			buildActionMask = 2147483647;
			files = (
				3656888826CF77220052C5AE /* LaunchScreen.storyboard in Resources */,
				3656888526CF77220052C5AE /* Assets.xcassets in Resources */,
				3656888026CF77200052C5AE /* Main.storyboard in Resources */,
			);
			runOnlyForDeploymentPostprocessing = 0;
		};
/* End PBXResourcesBuildPhase section */

/* Begin PBXShellScriptBuildPhase section */
		B9ED9E3738F0C3634A048F31 /* [CP] Check Pods Manifest.lock */ = {
			isa = PBXShellScriptBuildPhase;
			buildActionMask = 2147483647;
			files = (
			);
			inputFileListPaths = (
			);
			inputPaths = (
				"${PODS_PODFILE_DIR_PATH}/Podfile.lock",
				"${PODS_ROOT}/Manifest.lock",
			);
			name = "[CP] Check Pods Manifest.lock";
			outputFileListPaths = (
			);
			outputPaths = (
				"$(DERIVED_FILE_DIR)/Pods-OpenCV-checkManifestLockResult.txt",
			);
			runOnlyForDeploymentPostprocessing = 0;
			shellPath = /bin/sh;
			shellScript = "diff \"${PODS_PODFILE_DIR_PATH}/Podfile.lock\" \"${PODS_ROOT}/Manifest.lock\" > /dev/null\nif [ $? != 0 ] ; then\n    # print error to STDERR\n    echo \"error: The sandbox is not in sync with the Podfile.lock. Run 'pod install' or update your CocoaPods installation.\" >&2\n    exit 1\nfi\n# This output is used by Xcode 'outputs' to avoid re-running this script phase.\necho \"SUCCESS\" > \"${SCRIPT_OUTPUT_FILE_0}\"\n";
			showEnvVarsInLog = 0;
		};
/* End PBXShellScriptBuildPhase section */

/* Begin PBXSourcesBuildPhase section */
		3656887126CF77200052C5AE /* Sources */ = {
			isa = PBXSourcesBuildPhase;
			buildActionMask = 2147483647;
			files = (
				3656887D26CF77200052C5AE /* ViewController.swift in Sources */,
				3656889626CF7C3C0052C5AE /* OpenCVWrapper.mm in Sources */,
				3656887926CF77200052C5AE /* AppDelegate.swift in Sources */,
				3656888326CF77200052C5AE /* OpenCV.xcdatamodeld in Sources */,
			);
			runOnlyForDeploymentPostprocessing = 0;
		};
/* End PBXSourcesBuildPhase section */

/* Begin PBXVariantGroup section */
		3656887E26CF77200052C5AE /* Main.storyboard */ = {
			isa = PBXVariantGroup;
			children = (
				3656887F26CF77200052C5AE /* Base */,
			);
			name = Main.storyboard;
			sourceTree = "<group>";
		};
		3656888626CF77220052C5AE /* LaunchScreen.storyboard */ = {
			isa = PBXVariantGroup;
			children = (
				3656888726CF77220052C5AE /* Base */,
			);
			name = LaunchScreen.storyboard;
			sourceTree = "<group>";
		};
/* End PBXVariantGroup section */

/* Begin XCBuildConfiguration section */
		3656888A26CF77220052C5AE /* Debug */ = {
			isa = XCBuildConfiguration;
			buildSettings = {
				ALWAYS_SEARCH_USER_PATHS = NO;
				CLANG_ANALYZER_NONNULL = YES;
				CLANG_ANALYZER_NUMBER_OBJECT_CONVERSION = YES_AGGRESSIVE;
				CLANG_CXX_LANGUAGE_STANDARD = "gnu++14";
				CLANG_CXX_LIBRARY = "libc++";
				CLANG_ENABLE_MODULES = YES;
				CLANG_ENABLE_OBJC_ARC = YES;
				CLANG_ENABLE_OBJC_WEAK = YES;
				CLANG_WARN_BLOCK_CAPTURE_AUTORELEASING = YES;
				CLANG_WARN_BOOL_CONVERSION = YES;
				CLANG_WARN_COMMA = YES;
				CLANG_WARN_CONSTANT_CONVERSION = YES;
				CLANG_WARN_DEPRECATED_OBJC_IMPLEMENTATIONS = YES;
				CLANG_WARN_DIRECT_OBJC_ISA_USAGE = YES_ERROR;
				CLANG_WARN_DOCUMENTATION_COMMENTS = YES;
				CLANG_WARN_EMPTY_BODY = YES;
				CLANG_WARN_ENUM_CONVERSION = YES;
				CLANG_WARN_INFINITE_RECURSION = YES;
				CLANG_WARN_INT_CONVERSION = YES;
				CLANG_WARN_NON_LITERAL_NULL_CONVERSION = YES;
				CLANG_WARN_OBJC_IMPLICIT_RETAIN_SELF = YES;
				CLANG_WARN_OBJC_LITERAL_CONVERSION = YES;
				CLANG_WARN_OBJC_ROOT_CLASS = YES_ERROR;
				CLANG_WARN_QUOTED_INCLUDE_IN_FRAMEWORK_HEADER = YES;
				CLANG_WARN_RANGE_LOOP_ANALYSIS = YES;
				CLANG_WARN_STRICT_PROTOTYPES = YES;
				CLANG_WARN_SUSPICIOUS_MOVE = YES;
				CLANG_WARN_UNGUARDED_AVAILABILITY = YES_AGGRESSIVE;
				CLANG_WARN_UNREACHABLE_CODE = YES;
				CLANG_WARN__DUPLICATE_METHOD_MATCH = YES;
				COPY_PHASE_STRIP = NO;
				DEBUG_INFORMATION_FORMAT = dwarf;
				ENABLE_STRICT_OBJC_MSGSEND = YES;
				ENABLE_TESTABILITY = YES;
				GCC_C_LANGUAGE_STANDARD = gnu11;
				GCC_DYNAMIC_NO_PIC = NO;
				GCC_NO_COMMON_BLOCKS = YES;
				GCC_OPTIMIZATION_LEVEL = 0;
				GCC_PREPROCESSOR_DEFINITIONS = (
					"DEBUG=1",
					"$(inherited)",
				);
				GCC_WARN_64_TO_32_BIT_CONVERSION = YES;
				GCC_WARN_ABOUT_RETURN_TYPE = YES_ERROR;
				GCC_WARN_UNDECLARED_SELECTOR = YES;
				GCC_WARN_UNINITIALIZED_AUTOS = YES_AGGRESSIVE;
				GCC_WARN_UNUSED_FUNCTION = YES;
				GCC_WARN_UNUSED_VARIABLE = YES;
				IPHONEOS_DEPLOYMENT_TARGET = 14.5;
				MTL_ENABLE_DEBUG_INFO = INCLUDE_SOURCE;
				MTL_FAST_MATH = YES;
				ONLY_ACTIVE_ARCH = YES;
				SDKROOT = iphoneos;
				SWIFT_ACTIVE_COMPILATION_CONDITIONS = DEBUG;
				SWIFT_OPTIMIZATION_LEVEL = "-Onone";
			};
			name = Debug;
		};
		3656888B26CF77220052C5AE /* Release */ = {
			isa = XCBuildConfiguration;
			buildSettings = {
				ALWAYS_SEARCH_USER_PATHS = NO;
				CLANG_ANALYZER_NONNULL = YES;
				CLANG_ANALYZER_NUMBER_OBJECT_CONVERSION = YES_AGGRESSIVE;
				CLANG_CXX_LANGUAGE_STANDARD = "gnu++14";
				CLANG_CXX_LIBRARY = "libc++";
				CLANG_ENABLE_MODULES = YES;
				CLANG_ENABLE_OBJC_ARC = YES;
				CLANG_ENABLE_OBJC_WEAK = YES;
				CLANG_WARN_BLOCK_CAPTURE_AUTORELEASING = YES;
				CLANG_WARN_BOOL_CONVERSION = YES;
				CLANG_WARN_COMMA = YES;
				CLANG_WARN_CONSTANT_CONVERSION = YES;
				CLANG_WARN_DEPRECATED_OBJC_IMPLEMENTATIONS = YES;
				CLANG_WARN_DIRECT_OBJC_ISA_USAGE = YES_ERROR;
				CLANG_WARN_DOCUMENTATION_COMMENTS = YES;
				CLANG_WARN_EMPTY_BODY = YES;
				CLANG_WARN_ENUM_CONVERSION = YES;
				CLANG_WARN_INFINITE_RECURSION = YES;
				CLANG_WARN_INT_CONVERSION = YES;
				CLANG_WARN_NON_LITERAL_NULL_CONVERSION = YES;
				CLANG_WARN_OBJC_IMPLICIT_RETAIN_SELF = YES;
				CLANG_WARN_OBJC_LITERAL_CONVERSION = YES;
				CLANG_WARN_OBJC_ROOT_CLASS = YES_ERROR;
				CLANG_WARN_QUOTED_INCLUDE_IN_FRAMEWORK_HEADER = YES;
				CLANG_WARN_RANGE_LOOP_ANALYSIS = YES;
				CLANG_WARN_STRICT_PROTOTYPES = YES;
				CLANG_WARN_SUSPICIOUS_MOVE = YES;
				CLANG_WARN_UNGUARDED_AVAILABILITY = YES_AGGRESSIVE;
				CLANG_WARN_UNREACHABLE_CODE = YES;
				CLANG_WARN__DUPLICATE_METHOD_MATCH = YES;
				COPY_PHASE_STRIP = NO;
				DEBUG_INFORMATION_FORMAT = "dwarf-with-dsym";
				ENABLE_NS_ASSERTIONS = NO;
				ENABLE_STRICT_OBJC_MSGSEND = YES;
				GCC_C_LANGUAGE_STANDARD = gnu11;
				GCC_NO_COMMON_BLOCKS = YES;
				GCC_WARN_64_TO_32_BIT_CONVERSION = YES;
				GCC_WARN_ABOUT_RETURN_TYPE = YES_ERROR;
				GCC_WARN_UNDECLARED_SELECTOR = YES;
				GCC_WARN_UNINITIALIZED_AUTOS = YES_AGGRESSIVE;
				GCC_WARN_UNUSED_FUNCTION = YES;
				GCC_WARN_UNUSED_VARIABLE = YES;
				IPHONEOS_DEPLOYMENT_TARGET = 14.5;
				MTL_ENABLE_DEBUG_INFO = NO;
				MTL_FAST_MATH = YES;
				SDKROOT = iphoneos;
				SWIFT_COMPILATION_MODE = wholemodule;
				SWIFT_OPTIMIZATION_LEVEL = "-O";
				VALIDATE_PRODUCT = YES;
			};
			name = Release;
		};
		3656888D26CF77220052C5AE /* Debug */ = {
			isa = XCBuildConfiguration;
			baseConfigurationReference = 2C104C500A12E47721CACBF9 /* Pods-OpenCV.debug.xcconfig */;
			buildSettings = {
				ASSETCATALOG_COMPILER_APPICON_NAME = AppIcon;
				ASSETCATALOG_COMPILER_GLOBAL_ACCENT_COLOR_NAME = AccentColor;
				CLANG_ENABLE_MODULES = YES;
				CODE_SIGN_STYLE = Automatic;
				DEVELOPMENT_TEAM = QAT46LHJF5;
				FRAMEWORK_SEARCH_PATHS = (
					"$(inherited)",
					"$(PROJECT_DIR)/Framework",
				);
				INFOPLIST_FILE = OpenCV/Info.plist;
				IPHONEOS_DEPLOYMENT_TARGET = 13.0;
				LD_RUNPATH_SEARCH_PATHS = (
					"$(inherited)",
					"@executable_path/Frameworks",
				);
				PRODUCT_BUNDLE_IDENTIFIER = com.hongssup.OpenCV;
				PRODUCT_NAME = "$(TARGET_NAME)";
				SWIFT_OBJC_BRIDGING_HEADER = "OpenCVWrapper/OpenCV-Bridging-Header.h";
				SWIFT_OPTIMIZATION_LEVEL = "-Onone";
				SWIFT_VERSION = 5.0;
				TARGETED_DEVICE_FAMILY = "1,2";
			};
			name = Debug;
		};
		3656888E26CF77220052C5AE /* Release */ = {
			isa = XCBuildConfiguration;
			baseConfigurationReference = 6E494BB2CD412F0C635B3482 /* Pods-OpenCV.release.xcconfig */;
			buildSettings = {
				ASSETCATALOG_COMPILER_APPICON_NAME = AppIcon;
				ASSETCATALOG_COMPILER_GLOBAL_ACCENT_COLOR_NAME = AccentColor;
				CLANG_ENABLE_MODULES = YES;
				CODE_SIGN_STYLE = Automatic;
				DEVELOPMENT_TEAM = QAT46LHJF5;
				FRAMEWORK_SEARCH_PATHS = (
					"$(inherited)",
					"$(PROJECT_DIR)/Framework",
				);
				INFOPLIST_FILE = OpenCV/Info.plist;
				IPHONEOS_DEPLOYMENT_TARGET = 13.0;
				LD_RUNPATH_SEARCH_PATHS = (
					"$(inherited)",
					"@executable_path/Frameworks",
				);
				PRODUCT_BUNDLE_IDENTIFIER = com.hongssup.OpenCV;
				PRODUCT_NAME = "$(TARGET_NAME)";
				SWIFT_OBJC_BRIDGING_HEADER = "OpenCVWrapper/OpenCV-Bridging-Header.h";
				SWIFT_VERSION = 5.0;
				TARGETED_DEVICE_FAMILY = "1,2";
			};
			name = Release;
		};
/* End XCBuildConfiguration section */

/* Begin XCConfigurationList section */
		3656887026CF77200052C5AE /* Build configuration list for PBXProject "OpenCV" */ = {
			isa = XCConfigurationList;
			buildConfigurations = (
				3656888A26CF77220052C5AE /* Debug */,
				3656888B26CF77220052C5AE /* Release */,
			);
			defaultConfigurationIsVisible = 0;
			defaultConfigurationName = Release;
		};
		3656888C26CF77220052C5AE /* Build configuration list for PBXNativeTarget "OpenCV" */ = {
			isa = XCConfigurationList;
			buildConfigurations = (
				3656888D26CF77220052C5AE /* Debug */,
				3656888E26CF77220052C5AE /* Release */,
			);
			defaultConfigurationIsVisible = 0;
			defaultConfigurationName = Release;
		};
/* End XCConfigurationList section */

/* Begin XCVersionGroup section */
		3656888126CF77200052C5AE /* OpenCV.xcdatamodeld */ = {
			isa = XCVersionGroup;
			children = (
				3656888226CF77200052C5AE /* OpenCV.xcdatamodel */,
			);
			currentVersion = 3656888226CF77200052C5AE /* OpenCV.xcdatamodel */;
			path = OpenCV.xcdatamodeld;
			sourceTree = "<group>";
			versionGroupType = wrapper.xcdatamodel;
		};
/* End XCVersionGroup section */
	};
	rootObject = 3656886D26CF77200052C5AE /* Project object */;
}
